[[package]]
name = "autometrics-macros"
version = "0.4.1"
source = "registry+https://github.com/rust-lang/crates.io-index"
checksum = "2edb1335006ff621fe85b2c876f8e77ce31779fce866867b99a300891133aed9"

[[package]]
name = "axum"
version = "0.6.18"
source = "registry+https://github.com/rust-lang/crates.io-index"
checksum = "f8175979259124331c1d7bf6586ee7e0da434155e4b2d48ec2c8386281d8df39"

[[package]]
name = "axum-core"
version = "0.3.4"
source = "registry+https://github.com/rust-lang/crates.io-index"
checksum = "759fa577a247914fd3f7f76d62972792636412fbfd634cd452f6a385a74d2d2c"

[[package]]
name = "axum-extra"
version = "0.7.4"
source = "registry+https://github.com/rust-lang/crates.io-index"
checksum = "febf23ab04509bd7672e6abe76bd8277af31b679e89fa5ffc6087dc289a448a3"

[[package]]
name = "axum-live-view"
version = "0.1.0"
source = "git+https://github.com/EmbarkStudios/axum-live-view?branch=main#165e11655aa0094388df1905da8758d7a4f60e3c"

[[package]]
name = "axum-macros"
version = "0.3.7"
source = "registry+https://github.com/rust-lang/crates.io-index"
checksum = "2bb524613be645939e280b7279f7b017f98cf7f5ef084ec374df373530e73277"

[[package]]
name = "bark"
version = "0.2.0"